Microsoft Visual Studio Solution File, Format Version 12.00
Project("{FAE04EC0-301F-11D3-BF4B-00C04F79EFBC}") = "src\Kiota.Autogen.Swagger", "src\Kiota.Autogen.Swagger\Kiota.Autogen.Swagger.csproj", "{12B0613D-93CD-403D-AD2E-84C4E7BE9D2D}"
EndProject
Project("{2150E333-8FDC-42A3-9474-1A3956D46DE8}") = "src", "src", "{DC88FFF5-65A2-4317-A3D9-0599E3583C0C}"
EndProject
Global
	GlobalSection(SolutionConfigurationPlatforms) = preSolution
		Debug|Any CPU = Debug|Any CPU
		Release|Any CPU = Release|Any CPU
	EndGlobalSection
	GlobalSection(ProjectConfigurationPlatforms) = postSolution
		{12B0613D-93CD-403D-AD2E-84C4E7BE9D2D}.Debug|Any CPU.ActiveCfg = Debug|Any CPU
		{12B0613D-93CD-403D-AD2E-84C4E7BE9D2D}.Debug|Any CPU.Build.0 = Debug|Any CPU
		{12B0613D-93CD-403D-AD2E-84C4E7BE9D2D}.Release|Any CPU.ActiveCfg = Release|Any CPU
		{12B0613D-93CD-403D-AD2E-84C4E7BE9D2D}.Release|Any CPU.Build.0 = Release|Any CPU
	EndGlobalSection
	GlobalSection(NestedProjects) = preSolution
		{12B0613D-93CD-403D-AD2E-84C4E7BE9D2D} = {DC88FFF5-65A2-4317-A3D9-0599E3583C0C}
	EndGlobalSection
EndGlobal
