
Microsoft Visual Studio Solution File, Format Version 12.00
Project("{FAE04EC0-301F-11D3-BF4B-00C04F79EFBC}") = "ExampleService.Api", "ExampleService.Api\ExampleService.Api.csproj", "{F5231CDA-3DDE-461D-A48C-B631DB986876}"
EndProject
Project("{FAE04EC0-301F-11D3-BF4B-00C04F79EFBC}") = "ExampleService.Client", "ExampleService.Client\ExampleService.Client.csproj", "{838C542F-EAA3-41F3-B0E9-70950DE32DF3}"
EndProject
Global
	GlobalSection(SolutionConfigurationPlatforms) = preSolution
		Debug|Any CPU = Debug|Any CPU
		Release|Any CPU = Release|Any CPU
	EndGlobalSection
	GlobalSection(ProjectConfigurationPlatforms) = postSolution
		{F5231CDA-3DDE-461D-A48C-B631DB986876}.Debug|Any CPU.ActiveCfg = Debug|Any CPU
		{F5231CDA-3DDE-461D-A48C-B631DB986876}.Debug|Any CPU.Build.0 = Debug|Any CPU
		{F5231CDA-3DDE-461D-A48C-B631DB986876}.Release|Any CPU.ActiveCfg = Release|Any CPU
		{F5231CDA-3DDE-461D-A48C-B631DB986876}.Release|Any CPU.Build.0 = Release|Any CPU
		{838C542F-EAA3-41F3-B0E9-70950DE32DF3}.Debug|Any CPU.ActiveCfg = Debug|Any CPU
		{838C542F-EAA3-41F3-B0E9-70950DE32DF3}.Debug|Any CPU.Build.0 = Debug|Any CPU
		{838C542F-EAA3-41F3-B0E9-70950DE32DF3}.Release|Any CPU.ActiveCfg = Release|Any CPU
		{838C542F-EAA3-41F3-B0E9-70950DE32DF3}.Release|Any CPU.Build.0 = Release|Any CPU
	EndGlobalSection
EndGlobal
